
Microsoft Visual Studio Solution File, Format Version 12.00
Project("{FAE04EC0-301F-11D3-BF4B-00C04F79EFBC}") = "Tjuv_Och_Polis_Group_Project", "Tjuv_Och_Polis_Group_Project.csproj", "{F52F14C8-12D4-46DE-BA8A-672C9C73DC1E}"
EndProject
Global
	GlobalSection(SolutionConfigurationPlatforms) = preSolution
		Debug|Any CPU = Debug|Any CPU
		Release|Any CPU = Release|Any CPU
	EndGlobalSection
	GlobalSection(ProjectConfigurationPlatforms) = postSolution
		{F52F14C8-12D4-46DE-BA8A-672C9C73DC1E}.Debug|Any CPU.ActiveCfg = Debug|Any CPU
		{F52F14C8-12D4-46DE-BA8A-672C9C73DC1E}.Debug|Any CPU.Build.0 = Debug|Any CPU
		{F52F14C8-12D4-46DE-BA8A-672C9C73DC1E}.Release|Any CPU.ActiveCfg = Release|Any CPU
		{F52F14C8-12D4-46DE-BA8A-672C9C73DC1E}.Release|Any CPU.Build.0 = Release|Any CPU
	EndGlobalSection
EndGlobal
